<?xml version="1.0" encoding="utf-8"?>
<Project ToolsVersion="4.0" xmlns="http://schemas.microsoft.com/developer/msbuild/2003">
  <ItemGroup>
    <ClCompile Include="serialWb_controller.cpp" />
    <ClCompile Include="$(WEBOTS_HOME)\src\controller\cpp\VacuumGripper.cpp">
      <Filter>webotsLib</Filter>
    </ClCompile>
    <ClCompile Include="$(WEBOTS_HOME)\src\controller\cpp\TouchSensor.cpp">
      <Filter>webotsLib</Filter>
    </ClCompile>
    <ClCompile Include="$(WEBOTS_HOME)\src\controller\cpp\Supervisor.cpp">
      <Filter>webotsLib</Filter>
    </ClCompile>
    <ClCompile Include="$(WEBOTS_HOME)\src\controller\cpp\Speaker.cpp">
      <Filter>webotsLib</Filter>
    </ClCompile>
    <ClCompile Include="$(WEBOTS_HOME)\src\controller\cpp\Skin.cpp">
      <Filter>webotsLib</Filter>
    </ClCompile>
    <ClCompile Include="$(WEBOTS_HOME)\src\controller\cpp\Robot.cpp">
      <Filter>webotsLib</Filter>
    </ClCompile>
    <ClCompile Include="$(WEBOTS_HOME)\src\controller\cpp\Receiver.cpp">
      <Filter>webotsLib</Filter>
    </ClCompile>
    <ClCompile Include="$(WEBOTS_HOME)\src\controller\cpp\RangeFinder.cpp">
      <Filter>webotsLib</Filter>
    </ClCompile>
    <ClCompile Include="$(WEBOTS_HOME)\src\controller\cpp\Radar.cpp">
      <Filter>webotsLib</Filter>
    </ClCompile>
    <ClCompile Include="$(WEBOTS_HOME)\src\controller\cpp\PositionSensor.cpp">
      <Filter>webotsLib</Filter>
    </ClCompile>
    <ClCompile Include="$(WEBOTS_HOME)\src\controller\cpp\Pen.cpp">
      <Filter>webotsLib</Filter>
    </ClCompile>
    <ClCompile Include="$(WEBOTS_HOME)\src\controller\cpp\Node.cpp">
      <Filter>webotsLib</Filter>
    </ClCompile>
    <ClCompile Include="$(WEBOTS_HOME)\src\controller\cpp\Mouse.cpp">
      <Filter>webotsLib</Filter>
    </ClCompile>
    <ClCompile Include="$(WEBOTS_HOME)\src\controller\cpp\Motor.cpp">
      <Filter>webotsLib</Filter>
    </ClCompile>
    <ClCompile Include="$(WEBOTS_HOME)\src\controller\cpp\Motion.cpp">
      <Filter>webotsLib</Filter>
    </ClCompile>
    <ClCompile Include="$(WEBOTS_HOME)\src\controller\cpp\LightSensor.cpp">
      <Filter>webotsLib</Filter>
    </ClCompile>
    <ClCompile Include="$(WEBOTS_HOME)\src\controller\cpp\Lidar.cpp">
      <Filter>webotsLib</Filter>
    </ClCompile>
    <ClCompile Include="$(WEBOTS_HOME)\src\controller\cpp\LED.cpp">
      <Filter>webotsLib</Filter>
    </ClCompile>
    <ClCompile Include="$(WEBOTS_HOME)\src\controller\cpp\Keyboard.cpp">
      <Filter>webotsLib</Filter>
    </ClCompile>
    <ClCompile Include="$(WEBOTS_HOME)\src\controller\cpp\Joystick.cpp">
      <Filter>webotsLib</Filter>
    </ClCompile>
    <ClCompile Include="$(WEBOTS_HOME)\src\controller\cpp\InertialUnit.cpp">
      <Filter>webotsLib</Filter>
    </ClCompile>
    <ClCompile Include="$(WEBOTS_HOME)\src\controller\cpp\Gyro.cpp">
      <Filter>webotsLib</Filter>
    </ClCompile>
    <ClCompile Include="$(WEBOTS_HOME)\src\controller\cpp\GPS.cpp">
      <Filter>webotsLib</Filter>
    </ClCompile>
    <ClCompile Include="$(WEBOTS_HOME)\src\controller\cpp\Field.cpp">
      <Filter>webotsLib</Filter>
    </ClCompile>
    <ClCompile Include="$(WEBOTS_HOME)\src\controller\cpp\Emitter.cpp">
      <Filter>webotsLib</Filter>
    </ClCompile>
    <ClCompile Include="$(WEBOTS_HOME)\src\controller\cpp\DistanceSensor.cpp">
      <Filter>webotsLib</Filter>
    </ClCompile>
    <ClCompile Include="$(WEBOTS_HOME)\src\controller\cpp\Display.cpp">
      <Filter>webotsLib</Filter>
    </ClCompile>
    <ClCompile Include="$(WEBOTS_HOME)\src\controller\cpp\Device.cpp">
      <Filter>webotsLib</Filter>
    </ClCompile>
    <ClCompile Include="$(WEBOTS_HOME)\src\controller\cpp\Connector.cpp">
      <Filter>webotsLib</Filter>
    </ClCompile>
    <ClCompile Include="$(WEBOTS_HOME)\src\controller\cpp\Compass.cpp">
      <Filter>webotsLib</Filter>
    </ClCompile>
    <ClCompile Include="$(WEBOTS_HOME)\src\controller\cpp\Camera.cpp">
      <Filter>webotsLib</Filter>
    </ClCompile>
    <ClCompile Include="$(WEBOTS_HOME)\src\controller\cpp\Brake.cpp">
      <Filter>webotsLib</Filter>
    </ClCompile>
    <ClCompile Include="$(WEBOTS_HOME)\src\controller\cpp\Altimeter.cpp">
      <Filter>webotsLib</Filter>
    </ClCompile>
    <ClCompile Include="$(WEBOTS_HOME)\src\controller\cpp\Accelerometer.cpp">
      <Filter>webotsLib</Filter>
    </ClCompile>
    <ClCompile Include="..\..\..\..\libs\controller_module\Mpc\Cpp\source\mpcCal.cpp">
      <Filter>mpc_interface</Filter>
    </ClCompile>
    <ClCompile Include="..\..\..\..\libs\controller_module\Mpc\Cpp\source\mpcMatrix.cpp">
      <Filter>mpc_interface</Filter>
    </ClCompile>
    <ClCompile Include="..\..\..\..\libs\controller_module\Mpc\Cpp\source\qpOASES_interface.cpp">
      <Filter>mpc_interface</Filter>
    </ClCompile>
    <ClCompile Include="..\..\..\..\libs\controller_module\Mpc\Cpp\source\quadprog_interface.cpp">
      <Filter>mpc_interface</Filter>
    </ClCompile>
    <ClCompile Include="..\..\..\..\libs\controller_module\Mpc\Cpp\source\tinyMpc_interface.cpp">
      <Filter>mpc_interface</Filter>
    </ClCompile>
    <ClCompile Include="..\..\..\..\libs\controller_module\Mpc\Cpp\source\QuadProg\Array.cc">
      <Filter>QuadProg++</Filter>
    </ClCompile>
    <ClCompile Include="..\..\..\..\libs\controller_module\Mpc\Cpp\source\QuadProg\QuadProg++.cc">
      <Filter>QuadProg++</Filter>
    </ClCompile>
    <ClCompile Include="..\..\..\..\libs\controller_module\Mpc\Cpp\source\TinyMPC\admm.cpp">
      <Filter>tinyMpc</Filter>
    </ClCompile>
    <ClCompile Include="..\..\..\..\libs\controller_module\Mpc\Cpp\source\TinyMPC\tiny_api.cpp">
      <Filter>tinyMpc</Filter>
    </ClCompile>
    <ClCompile Include="..\..\..\..\libs\controller_module\Mpc\Cpp\source\qpOASES\BLASReplacement.cpp">
      <Filter>qpOASES</Filter>
    </ClCompile>
    <ClCompile Include="..\..\..\..\libs\controller_module\Mpc\Cpp\source\qpOASES\Bounds.cpp">
      <Filter>qpOASES</Filter>
    </ClCompile>
    <ClCompile Include="..\..\..\..\libs\controller_module\Mpc\Cpp\source\qpOASES\Constraints.cpp">
      <Filter>qpOASES</Filter>
    </ClCompile>
    <ClCompile Include="..\..\..\..\libs\controller_module\Mpc\Cpp\source\qpOASES\Flipper.cpp">
      <Filter>qpOASES</Filter>
    </ClCompile>
    <ClCompile Include="..\..\..\..\libs\controller_module\Mpc\Cpp\source\qpOASES\Indexlist.cpp">
      <Filter>qpOASES</Filter>
    </ClCompile>
    <ClCompile Include="..\..\..\..\libs\controller_module\Mpc\Cpp\source\qpOASES\LAPACKReplacement.cpp">
      <Filter>qpOASES</Filter>
    </ClCompile>
    <ClCompile Include="..\..\..\..\libs\controller_module\Mpc\Cpp\source\qpOASES\Matrices.cpp">
      <Filter>qpOASES</Filter>
    </ClCompile>
    <ClCompile Include="..\..\..\..\libs\controller_module\Mpc\Cpp\source\qpOASES\MessageHandling.cpp">
      <Filter>qpOASES</Filter>
    </ClCompile>
    <ClCompile Include="..\..\..\..\libs\controller_module\Mpc\Cpp\source\qpOASES\Options.cpp">
      <Filter>qpOASES</Filter>
    </ClCompile>
    <ClCompile Include="..\..\..\..\libs\controller_module\Mpc\Cpp\source\qpOASES\OQPinterface.cpp">
      <Filter>qpOASES</Filter>
    </ClCompile>
    <ClCompile Include="..\..\..\..\libs\controller_module\Mpc\Cpp\source\qpOASES\QProblem.cpp">
      <Filter>qpOASES</Filter>
    </ClCompile>
    <ClCompile Include="..\..\..\..\libs\controller_module\Mpc\Cpp\source\qpOASES\QProblemB.cpp">
      <Filter>qpOASES</Filter>
    </ClCompile>
    <ClCompile Include="..\..\..\..\libs\controller_module\Mpc\Cpp\source\qpOASES\SolutionAnalysis.cpp">
      <Filter>qpOASES</Filter>
    </ClCompile>
    <ClCompile Include="..\..\..\..\libs\controller_module\Mpc\Cpp\source\qpOASES\SparseSolver.cpp">
      <Filter>qpOASES</Filter>
    </ClCompile>
    <ClCompile Include="..\..\..\..\libs\controller_module\Mpc\Cpp\source\qpOASES\SQProblem.cpp">
      <Filter>qpOASES</Filter>
    </ClCompile>
    <ClCompile Include="..\..\..\..\libs\controller_module\Mpc\Cpp\source\qpOASES\SQProblemSchur.cpp">
      <Filter>qpOASES</Filter>
    </ClCompile>
    <ClCompile Include="..\..\..\..\libs\controller_module\Mpc\Cpp\source\qpOASES\SubjectTo.cpp">
      <Filter>qpOASES</Filter>
    </ClCompile>
    <ClCompile Include="..\..\..\..\libs\controller_module\Mpc\Cpp\source\qpOASES\Utils.cpp">
      <Filter>qpOASES</Filter>
    </ClCompile>
    <ClCompile Include="..\..\..\..\libs\controller_module\Mpc\Cpp\source\osqpE_interface.cpp">
      <Filter>mpc_interface</Filter>
    </ClCompile>
  </ItemGroup>
  <ItemGroup>
    <Filter Include="webotsLib">
      <UniqueIdentifier>{4b3c5954-bda2-48d5-bf57-1da7cb970e2a}</UniqueIdentifier>
    </Filter>
    <Filter Include="application">
      <UniqueIdentifier>{c2cb692f-41e3-4ddc-9c27-6a0837dc8154}</UniqueIdentifier>
    </Filter>
    <Filter Include="qpOASES">
      <UniqueIdentifier>{71885762-b9f3-45d5-be3b-70eb6487c3ad}</UniqueIdentifier>
    </Filter>
    <Filter Include="mpc_interface">
      <UniqueIdentifier>{e1e70164-2d73-4e81-9180-9080e234132e}</UniqueIdentifier>
    </Filter>
    <Filter Include="tinyMpc">
      <UniqueIdentifier>{7f4de342-a626-4eca-b28f-23fe590194bb}</UniqueIdentifier>
    </Filter>
    <Filter Include="QuadProg++">
      <UniqueIdentifier>{249edacf-def4-4945-84c7-a00eff29b714}</UniqueIdentifier>
    </Filter>
    <Filter Include="libs">
      <UniqueIdentifier>{1e74b5d8-fa83-4f6c-ba9b-d0fe75c55194}</UniqueIdentifier>
    </Filter>
  </ItemGroup>
  <ItemGroup>
    <ClInclude Include="..\parallelWb_controller\application\dataDisplay.h">
      <Filter>application</Filter>
    </ClInclude>
    <ClInclude Include="..\parallelWb_controller\application\lqrCalculater.h">
      <Filter>application</Filter>
    </ClInclude>
    <ClInclude Include="..\parallelWb_controller\application\manipulator.h">
      <Filter>application</Filter>
    </ClInclude>
    <ClInclude Include="..\parallelWb_controller\application\manipulator_controller.h">
      <Filter>application</Filter>
    </ClInclude>
    <ClInclude Include="..\parallelWb_controller\application\model_fit.h">
      <Filter>application</Filter>
    </ClInclude>
    <ClInclude Include="..\parallelWb_controller\application\MPC_Calculator.h">
      <Filter>application</Filter>
    </ClInclude>
    <ClInclude Include="..\parallelWb_controller\application\myMatrices.h">
      <Filter>application</Filter>
    </ClInclude>
    <ClInclude Include="..\parallelWb_controller\application\PIDmethod.h">
      <Filter>application</Filter>
    </ClInclude>
    <ClInclude Include="..\parallelWb_controller\application\state_data.h">
      <Filter>application</Filter>
    </ClInclude>
    <ClInclude Include="..\parallelWb_controller\application\Upper_Public.h">
      <Filter>application</Filter>
    </ClInclude>
    <ClInclude Include="..\..\..\..\libs\observer\KelmanFilter\Cpp\include\kelmanFilter.h">
      <Filter>application</Filter>
    </ClInclude>
    <ClInclude Include="..\..\..\..\libs\controller_module\Mpc\Cpp\include\QuadProg\Array.hh">
      <Filter>QuadProg++</Filter>
    </ClInclude>
    <ClInclude Include="..\..\..\..\libs\controller_module\Mpc\Cpp\include\QuadProg\QuadProg++.hh">
      <Filter>QuadProg++</Filter>
    </ClInclude>
    <ClInclude Include="user_data.h">
      <Filter>application</Filter>
    </ClInclude>
  </ItemGroup>
</Project>